
Microsoft Visual Studio Solution File, Format Version 12.00
# Visual Studio Version 16
VisualStudioVersion = 16.0.30320.27
MinimumVisualStudioVersion = 10.0.40219.1
Project("{FAE04EC0-301F-11D3-BF4B-00C04F79EFBC}") = "Monopoly 0.9.1.1 Advanced", "Monopoly 0.9.1.1 Advanced\Monopoly 0.9.1.1 Advanced.csproj", "{5C3419C6-74A8-4C52-9DC4-3673DC4284D0}"
EndProject
Global
	GlobalSection(SolutionConfigurationPlatforms) = preSolution
		Debug|Any CPU = Debug|Any CPU
		Release|Any CPU = Release|Any CPU
	EndGlobalSection
	GlobalSection(ProjectConfigurationPlatforms) = postSolution
		{5C3419C6-74A8-4C52-9DC4-3673DC4284D0}.Debug|Any CPU.ActiveCfg = Debug|Any CPU
		{5C3419C6-74A8-4C52-9DC4-3673DC4284D0}.Debug|Any CPU.Build.0 = Debug|Any CPU
		{5C3419C6-74A8-4C52-9DC4-3673DC4284D0}.Release|Any CPU.ActiveCfg = Release|Any CPU
		{5C3419C6-74A8-4C52-9DC4-3673DC4284D0}.Release|Any CPU.Build.0 = Release|Any CPU
	EndGlobalSection
	GlobalSection(SolutionProperties) = preSolution
		HideSolutionNode = FALSE
	EndGlobalSection
	GlobalSection(ExtensibilityGlobals) = postSolution
		SolutionGuid = {E25FA28D-7F7B-4CB1-B3A9-9302F922764B}
	EndGlobalSection
EndGlobal
